
Microsoft Visual Studio Solution File, Format Version 12.00
# Visual Studio Version 17
VisualStudioVersion = 17.6.33815.320
MinimumVisualStudioVersion = 10.0.40219.1
Project("{9A19103F-16F7-4668-BE54-9A1E7A4F7556}") = "sombee.cms12", "sombee.cms12.csproj", "{B6DFEE07-AD0B-47AE-BAF9-6C51637C0C50}"
EndProject
Global
	GlobalSection(SolutionConfigurationPlatforms) = preSolution
		Debug|Any CPU = Debug|Any CPU
		Release|Any CPU = Release|Any CPU
	EndGlobalSection
	GlobalSection(ProjectConfigurationPlatforms) = postSolution
		{B6DFEE07-AD0B-47AE-BAF9-6C51637C0C50}.Debug|Any CPU.ActiveCfg = Debug|Any CPU
		{B6DFEE07-AD0B-47AE-BAF9-6C51637C0C50}.Debug|Any CPU.Build.0 = Debug|Any CPU
		{B6DFEE07-AD0B-47AE-BAF9-6C51637C0C50}.Release|Any CPU.ActiveCfg = Release|Any CPU
		{B6DFEE07-AD0B-47AE-BAF9-6C51637C0C50}.Release|Any CPU.Build.0 = Release|Any CPU
	EndGlobalSection
	GlobalSection(SolutionProperties) = preSolution
		HideSolutionNode = FALSE
	EndGlobalSection
	GlobalSection(ExtensibilityGlobals) = postSolution
		SolutionGuid = {46133BCF-702D-491C-87BC-2472A07C85AC}
	EndGlobalSection
EndGlobal
